Microsoft Visual Studio Solution File, Format Version 12.00
# Visual Studio Version 17
VisualStudioVersion = 17.9.34728.123
MinimumVisualStudioVersion = 10.0.40219.1
Project("{9A19103F-16F7-4668-BE54-9A1E7A4F7556}") = "DeDuper", "DeDuper\DeDuper.csproj", "{CF8C4015-9859-4E6A-93AD-B81107B3953F}"
EndProject
Project("{9A19103F-16F7-4668-BE54-9A1E7A4F7556}") = "App", "App\App.csproj", "{5753BCFD-4E8A-4E7F-875D-149679A7CFE1}"
EndProject
Project("{9A19103F-16F7-4668-BE54-9A1E7A4F7556}") = "Algo", "Algo\Algo.csproj", "{DC171459-7878-47CA-AC3F-FFFA7017FEDF}"
EndProject
Project("{2150E333-8FDC-42A3-9474-1A3956D46DE8}") = "Solution Items", "Solution Items", "{7B776042-8821-4D18-8A3C-C30E42B8E903}"
	ProjectSection(SolutionItems) = preProject
		.editorconfig = .editorconfig
	EndProjectSection
EndProject
Global
	GlobalSection(SolutionConfigurationPlatforms) = preSolution
		Debug|Any CPU = Debug|Any CPU
		Release|Any CPU = Release|Any CPU
	EndGlobalSection
	GlobalSection(ProjectConfigurationPlatforms) = postSolution
		{CF8C4015-9859-4E6A-93AD-B81107B3953F}.Debug|Any CPU.ActiveCfg = Debug|Any CPU
		{CF8C4015-9859-4E6A-93AD-B81107B3953F}.Debug|Any CPU.Build.0 = Debug|Any CPU
		{CF8C4015-9859-4E6A-93AD-B81107B3953F}.Release|Any CPU.ActiveCfg = Release|Any CPU
		{CF8C4015-9859-4E6A-93AD-B81107B3953F}.Release|Any CPU.Build.0 = Release|Any CPU
		{5753BCFD-4E8A-4E7F-875D-149679A7CFE1}.Debug|Any CPU.ActiveCfg = Debug|Any CPU
		{5753BCFD-4E8A-4E7F-875D-149679A7CFE1}.Debug|Any CPU.Build.0 = Debug|Any CPU
		{5753BCFD-4E8A-4E7F-875D-149679A7CFE1}.Release|Any CPU.ActiveCfg = Release|Any CPU
		{5753BCFD-4E8A-4E7F-875D-149679A7CFE1}.Release|Any CPU.Build.0 = Release|Any CPU
		{DC171459-7878-47CA-AC3F-FFFA7017FEDF}.Debug|Any CPU.ActiveCfg = Debug|Any CPU
		{DC171459-7878-47CA-AC3F-FFFA7017FEDF}.Debug|Any CPU.Build.0 = Debug|Any CPU
		{DC171459-7878-47CA-AC3F-FFFA7017FEDF}.Release|Any CPU.ActiveCfg = Release|Any CPU
		{DC171459-7878-47CA-AC3F-FFFA7017FEDF}.Release|Any CPU.Build.0 = Release|Any CPU
	EndGlobalSection
	GlobalSection(SolutionProperties) = preSolution
		HideSolutionNode = FALSE
	EndGlobalSection
	GlobalSection(ExtensibilityGlobals) = postSolution
		SolutionGuid = {A34D1C03-4666-441D-AC9A-7B0D140FDCD1}
	EndGlobalSection
EndGlobal
